
Microsoft Visual Studio Solution File, Format Version 12.00
# Visual Studio Version 16
VisualStudioVersion = 16.0.31129.286
MinimumVisualStudioVersion = 10.0.40219.1
Project("{9A19103F-16F7-4668-BE54-9A1E7A4F7556}") = "TaskManagerProject", "TaskManager\TaskManagerProject.csproj", "{AE12C2A2-6E96-4B75-8436-A84C8ABB8C13}"
EndProject
Project("{9A19103F-16F7-4668-BE54-9A1E7A4F7556}") = "Temp", "Temp\Temp.csproj", "{1AD05BB6-69B1-4154-8732-8D78EBD0A557}"
EndProject
Global
	GlobalSection(SolutionConfigurationPlatforms) = preSolution
		Debug|Any CPU = Debug|Any CPU
		Release|Any CPU = Release|Any CPU
	EndGlobalSection
	GlobalSection(ProjectConfigurationPlatforms) = postSolution
		{AE12C2A2-6E96-4B75-8436-A84C8ABB8C13}.Debug|Any CPU.ActiveCfg = Debug|Any CPU
		{AE12C2A2-6E96-4B75-8436-A84C8ABB8C13}.Debug|Any CPU.Build.0 = Debug|Any CPU
		{AE12C2A2-6E96-4B75-8436-A84C8ABB8C13}.Release|Any CPU.ActiveCfg = Release|Any CPU
		{AE12C2A2-6E96-4B75-8436-A84C8ABB8C13}.Release|Any CPU.Build.0 = Release|Any CPU
		{1AD05BB6-69B1-4154-8732-8D78EBD0A557}.Debug|Any CPU.ActiveCfg = Debug|Any CPU
		{1AD05BB6-69B1-4154-8732-8D78EBD0A557}.Debug|Any CPU.Build.0 = Debug|Any CPU
		{1AD05BB6-69B1-4154-8732-8D78EBD0A557}.Release|Any CPU.ActiveCfg = Release|Any CPU
		{1AD05BB6-69B1-4154-8732-8D78EBD0A557}.Release|Any CPU.Build.0 = Release|Any CPU
	EndGlobalSection
	GlobalSection(SolutionProperties) = preSolution
		HideSolutionNode = FALSE
	EndGlobalSection
	GlobalSection(ExtensibilityGlobals) = postSolution
		SolutionGuid = {E47B05E0-6171-4D69-9DBF-1274EAA377C7}
	EndGlobalSection
EndGlobal
